
Microsoft Visual Studio Solution File, Format Version 12.00
# Visual Studio Version 17
VisualStudioVersion = 17.5.33424.131
MinimumVisualStudioVersion = 10.0.40219.1
Project("{FAE04EC0-301F-11D3-BF4B-00C04F79EFBC}") = "SoundMaker", "SoundMaker\SoundMaker.csproj", "{180BAB44-CD48-4B2C-BCAE-5F3A3B6523FF}"
EndProject
Global
	GlobalSection(SolutionConfigurationPlatforms) = preSolution
		Debug|Any CPU = Debug|Any CPU
		Release|Any CPU = Release|Any CPU
	EndGlobalSection
	GlobalSection(ProjectConfigurationPlatforms) = postSolution
		{180BAB44-CD48-4B2C-BCAE-5F3A3B6523FF}.Debug|Any CPU.ActiveCfg = Debug|Any CPU
		{180BAB44-CD48-4B2C-BCAE-5F3A3B6523FF}.Debug|Any CPU.Build.0 = Debug|Any CPU
		{180BAB44-CD48-4B2C-BCAE-5F3A3B6523FF}.Release|Any CPU.ActiveCfg = Release|Any CPU
		{180BAB44-CD48-4B2C-BCAE-5F3A3B6523FF}.Release|Any CPU.Build.0 = Release|Any CPU
	EndGlobalSection
	GlobalSection(SolutionProperties) = preSolution
		HideSolutionNode = FALSE
	EndGlobalSection
	GlobalSection(ExtensibilityGlobals) = postSolution
		SolutionGuid = {F94999FD-4122-4FB2-9BEE-0EB23878125A}
	EndGlobalSection
EndGlobal
